
Microsoft Visual Studio Solution File, Format Version 12.00
# Visual Studio 15
VisualStudioVersion = 15.0.28010.2036
MinimumVisualStudioVersion = 10.0.40219.1
Project("{FAE04EC0-301F-11D3-BF4B-00C04F79EFBC}") = "Universal-baithi", "Universal-baithi\Universal-baithi.csproj", "{895D5D2B-0946-4130-BDBC-03A41F1426ED}"
EndProject
Global
	GlobalSection(SolutionConfigurationPlatforms) = preSolution
		Debug|ARM = Debug|ARM
		Debug|x64 = Debug|x64
		Debug|x86 = Debug|x86
		Release|ARM = Release|ARM
		Release|x64 = Release|x64
		Release|x86 = Release|x86
	EndGlobalSection
	GlobalSection(ProjectConfigurationPlatforms) = postSolution
		{895D5D2B-0946-4130-BDBC-03A41F1426ED}.Debug|ARM.ActiveCfg = Debug|ARM
		{895D5D2B-0946-4130-BDBC-03A41F1426ED}.Debug|ARM.Build.0 = Debug|ARM
		{895D5D2B-0946-4130-BDBC-03A41F1426ED}.Debug|ARM.Deploy.0 = Debug|ARM
		{895D5D2B-0946-4130-BDBC-03A41F1426ED}.Debug|x64.ActiveCfg = Debug|x64
		{895D5D2B-0946-4130-BDBC-03A41F1426ED}.Debug|x64.Build.0 = Debug|x64
		{895D5D2B-0946-4130-BDBC-03A41F1426ED}.Debug|x64.Deploy.0 = Debug|x64
		{895D5D2B-0946-4130-BDBC-03A41F1426ED}.Debug|x86.ActiveCfg = Debug|x86
		{895D5D2B-0946-4130-BDBC-03A41F1426ED}.Debug|x86.Build.0 = Debug|x86
		{895D5D2B-0946-4130-BDBC-03A41F1426ED}.Debug|x86.Deploy.0 = Debug|x86
		{895D5D2B-0946-4130-BDBC-03A41F1426ED}.Release|ARM.ActiveCfg = Release|ARM
		{895D5D2B-0946-4130-BDBC-03A41F1426ED}.Release|ARM.Build.0 = Release|ARM
		{895D5D2B-0946-4130-BDBC-03A41F1426ED}.Release|ARM.Deploy.0 = Release|ARM
		{895D5D2B-0946-4130-BDBC-03A41F1426ED}.Release|x64.ActiveCfg = Release|x64
		{895D5D2B-0946-4130-BDBC-03A41F1426ED}.Release|x64.Build.0 = Release|x64
		{895D5D2B-0946-4130-BDBC-03A41F1426ED}.Release|x64.Deploy.0 = Release|x64
		{895D5D2B-0946-4130-BDBC-03A41F1426ED}.Release|x86.ActiveCfg = Release|x86
		{895D5D2B-0946-4130-BDBC-03A41F1426ED}.Release|x86.Build.0 = Release|x86
		{895D5D2B-0946-4130-BDBC-03A41F1426ED}.Release|x86.Deploy.0 = Release|x86
	EndGlobalSection
	GlobalSection(SolutionProperties) = preSolution
		HideSolutionNode = FALSE
	EndGlobalSection
	GlobalSection(ExtensibilityGlobals) = postSolution
		SolutionGuid = {A262CF14-002D-455D-B919-699EF68D4A0E}
	EndGlobalSection
EndGlobal
